
Microsoft Visual Studio Solution File, Format Version 12.00
# Visual Studio Version 17
VisualStudioVersion = 17.3.32819.101
MinimumVisualStudioVersion = 10.0.40219.1
Project("{9A19103F-16F7-4668-BE54-9A1E7A4F7556}") = "FirstBlazorApp", "FirstBlazorApp.csproj", "{D009840F-27F8-4FB4-853C-88290D752DDD}"
EndProject
Global
	GlobalSection(SolutionConfigurationPlatforms) = preSolution
		Debug|Any CPU = Debug|Any CPU
		Release|Any CPU = Release|Any CPU
	EndGlobalSection
	GlobalSection(ProjectConfigurationPlatforms) = postSolution
		{D009840F-27F8-4FB4-853C-88290D752DDD}.Debug|Any CPU.ActiveCfg = Debug|Any CPU
		{D009840F-27F8-4FB4-853C-88290D752DDD}.Debug|Any CPU.Build.0 = Debug|Any CPU
		{D009840F-27F8-4FB4-853C-88290D752DDD}.Release|Any CPU.ActiveCfg = Release|Any CPU
		{D009840F-27F8-4FB4-853C-88290D752DDD}.Release|Any CPU.Build.0 = Release|Any CPU
	EndGlobalSection
	GlobalSection(SolutionProperties) = preSolution
		HideSolutionNode = FALSE
	EndGlobalSection
	GlobalSection(ExtensibilityGlobals) = postSolution
		SolutionGuid = {A7333EFC-1E97-47D8-9A94-7BAA5150C2A3}
	EndGlobalSection
EndGlobal
